
Microsoft Visual Studio Solution File, Format Version 12.00
# Visual Studio Version 16
VisualStudioVersion = 16.0.29411.108
MinimumVisualStudioVersion = 10.0.40219.1
Project("{FAE04EC0-301F-11D3-BF4B-00C04F79EFBC}") = "Ajax_MVC", "Ajax_MVC.csproj", "{366D5022-E487-47CD-9DBD-EE14D1EE8C36}"
EndProject
Project("{FAE04EC0-301F-11D3-BF4B-00C04F79EFBC}") = "User_DAL", "..\User_DAL\User_DAL.csproj", "{9ECB67CD-4D38-4F1B-B536-716C51E4B70C}"
EndProject
Global
	GlobalSection(SolutionConfigurationPlatforms) = preSolution
		Debug|Any CPU = Debug|Any CPU
		Release|Any CPU = Release|Any CPU
	EndGlobalSection
	GlobalSection(ProjectConfigurationPlatforms) = postSolution
		{366D5022-E487-47CD-9DBD-EE14D1EE8C36}.Debug|Any CPU.ActiveCfg = Debug|Any CPU
		{366D5022-E487-47CD-9DBD-EE14D1EE8C36}.Debug|Any CPU.Build.0 = Debug|Any CPU
		{366D5022-E487-47CD-9DBD-EE14D1EE8C36}.Release|Any CPU.ActiveCfg = Release|Any CPU
		{366D5022-E487-47CD-9DBD-EE14D1EE8C36}.Release|Any CPU.Build.0 = Release|Any CPU
		{9ECB67CD-4D38-4F1B-B536-716C51E4B70C}.Debug|Any CPU.ActiveCfg = Debug|Any CPU
		{9ECB67CD-4D38-4F1B-B536-716C51E4B70C}.Debug|Any CPU.Build.0 = Debug|Any CPU
		{9ECB67CD-4D38-4F1B-B536-716C51E4B70C}.Release|Any CPU.ActiveCfg = Release|Any CPU
		{9ECB67CD-4D38-4F1B-B536-716C51E4B70C}.Release|Any CPU.Build.0 = Release|Any CPU
	EndGlobalSection
	GlobalSection(SolutionProperties) = preSolution
		HideSolutionNode = FALSE
	EndGlobalSection
	GlobalSection(ExtensibilityGlobals) = postSolution
		SolutionGuid = {4E01D5A2-00A6-4C8F-ADE9-4157A1886F91}
	EndGlobalSection
EndGlobal
