
Microsoft Visual Studio Solution File, Format Version 12.00
# Visual Studio Version 16
VisualStudioVersion = 16.0.29123.88
MinimumVisualStudioVersion = 10.0.40219.1
Project("{FAE04EC0-301F-11D3-BF4B-00C04F79EFBC}") = "LayPage分页", "LayPage分页\LayPage分页.csproj", "{60491680-E3B5-4172-88C6-16E6844AFCAB}"
EndProject
Project("{FAE04EC0-301F-11D3-BF4B-00C04F79EFBC}") = "Entity", "Entity\Entity.csproj", "{8CD17BBF-41DF-4B64-82DB-B6C067A1B1E5}"
EndProject
Global
	GlobalSection(SolutionConfigurationPlatforms) = preSolution
		Debug|Any CPU = Debug|Any CPU
		Release|Any CPU = Release|Any CPU
	EndGlobalSection
	GlobalSection(ProjectConfigurationPlatforms) = postSolution
		{60491680-E3B5-4172-88C6-16E6844AFCAB}.Debug|Any CPU.ActiveCfg = Debug|Any CPU
		{60491680-E3B5-4172-88C6-16E6844AFCAB}.Debug|Any CPU.Build.0 = Debug|Any CPU
		{60491680-E3B5-4172-88C6-16E6844AFCAB}.Release|Any CPU.ActiveCfg = Release|Any CPU
		{60491680-E3B5-4172-88C6-16E6844AFCAB}.Release|Any CPU.Build.0 = Release|Any CPU
		{8CD17BBF-41DF-4B64-82DB-B6C067A1B1E5}.Debug|Any CPU.ActiveCfg = Debug|Any CPU
		{8CD17BBF-41DF-4B64-82DB-B6C067A1B1E5}.Debug|Any CPU.Build.0 = Debug|Any CPU
		{8CD17BBF-41DF-4B64-82DB-B6C067A1B1E5}.Release|Any CPU.ActiveCfg = Release|Any CPU
		{8CD17BBF-41DF-4B64-82DB-B6C067A1B1E5}.Release|Any CPU.Build.0 = Release|Any CPU
	EndGlobalSection
	GlobalSection(SolutionProperties) = preSolution
		HideSolutionNode = FALSE
	EndGlobalSection
	GlobalSection(ExtensibilityGlobals) = postSolution
		SolutionGuid = {BF538B20-C485-4B70-A8C0-57D36420C404}
	EndGlobalSection
EndGlobal
