
Microsoft Visual Studio Solution File, Format Version 12.00
# Visual Studio Version 16
VisualStudioVersion = 16.0.29411.108
MinimumVisualStudioVersion = 10.0.40219.1
Project("{FAE04EC0-301F-11D3-BF4B-00C04F79EFBC}") = "医疗管理", "医疗管理.csproj", "{F76358EF-519D-4894-83CB-ADFB6DE083CD}"
EndProject
Project("{FAE04EC0-301F-11D3-BF4B-00C04F79EFBC}") = "DAL", "..\DAL\DAL.csproj", "{49527316-7325-4D33-8245-1AC11AABEA77}"
EndProject
Global
	GlobalSection(SolutionConfigurationPlatforms) = preSolution
		Debug|Any CPU = Debug|Any CPU
		Release|Any CPU = Release|Any CPU
	EndGlobalSection
	GlobalSection(ProjectConfigurationPlatforms) = postSolution
		{F76358EF-519D-4894-83CB-ADFB6DE083CD}.Debug|Any CPU.ActiveCfg = Debug|Any CPU
		{F76358EF-519D-4894-83CB-ADFB6DE083CD}.Debug|Any CPU.Build.0 = Debug|Any CPU
		{F76358EF-519D-4894-83CB-ADFB6DE083CD}.Release|Any CPU.ActiveCfg = Release|Any CPU
		{F76358EF-519D-4894-83CB-ADFB6DE083CD}.Release|Any CPU.Build.0 = Release|Any CPU
		{49527316-7325-4D33-8245-1AC11AABEA77}.Debug|Any CPU.ActiveCfg = Debug|Any CPU
		{49527316-7325-4D33-8245-1AC11AABEA77}.Debug|Any CPU.Build.0 = Debug|Any CPU
		{49527316-7325-4D33-8245-1AC11AABEA77}.Release|Any CPU.ActiveCfg = Release|Any CPU
		{49527316-7325-4D33-8245-1AC11AABEA77}.Release|Any CPU.Build.0 = Release|Any CPU
	EndGlobalSection
	GlobalSection(SolutionProperties) = preSolution
		HideSolutionNode = FALSE
	EndGlobalSection
	GlobalSection(ExtensibilityGlobals) = postSolution
		SolutionGuid = {80463DBF-4787-41AB-8F53-8C2EC3FFE310}
	EndGlobalSection
EndGlobal
